
Microsoft Visual Studio Solution File, Format Version 12.00
# Visual Studio 2012
Project("{FAE04EC0-301F-11D3-BF4B-00C04F79EFBC}") = "Api", "Api\Api.csproj", "{BB1A1565-172F-471C-80FF-99E2A62810B2}"
EndProject
Project("{FAE04EC0-301F-11D3-BF4B-00C04F79EFBC}") = "DAL", "..\DAL\DAL\DAL.csproj", "{55063785-324A-4FFF-86F3-D3C5FAAF9C27}"
EndProject
Project("{FAE04EC0-301F-11D3-BF4B-00C04F79EFBC}") = "Models", "ClassLibrary1\Models.csproj", "{5E0C5D3A-86A2-41AD-ACD8-DAF40539A7B2}"
EndProject
Global
	GlobalSection(SolutionConfigurationPlatforms) = preSolution
		Debug|Any CPU = Debug|Any CPU
		Release|Any CPU = Release|Any CPU
	EndGlobalSection
	GlobalSection(ProjectConfigurationPlatforms) = postSolution
		{BB1A1565-172F-471C-80FF-99E2A62810B2}.Debug|Any CPU.ActiveCfg = Debug|Any CPU
		{BB1A1565-172F-471C-80FF-99E2A62810B2}.Debug|Any CPU.Build.0 = Debug|Any CPU
		{BB1A1565-172F-471C-80FF-99E2A62810B2}.Release|Any CPU.ActiveCfg = Release|Any CPU
		{BB1A1565-172F-471C-80FF-99E2A62810B2}.Release|Any CPU.Build.0 = Release|Any CPU
		{55063785-324A-4FFF-86F3-D3C5FAAF9C27}.Debug|Any CPU.ActiveCfg = Debug|Any CPU
		{55063785-324A-4FFF-86F3-D3C5FAAF9C27}.Debug|Any CPU.Build.0 = Debug|Any CPU
		{55063785-324A-4FFF-86F3-D3C5FAAF9C27}.Release|Any CPU.ActiveCfg = Release|Any CPU
		{55063785-324A-4FFF-86F3-D3C5FAAF9C27}.Release|Any CPU.Build.0 = Release|Any CPU
		{5E0C5D3A-86A2-41AD-ACD8-DAF40539A7B2}.Debug|Any CPU.ActiveCfg = Debug|Any CPU
		{5E0C5D3A-86A2-41AD-ACD8-DAF40539A7B2}.Debug|Any CPU.Build.0 = Debug|Any CPU
		{5E0C5D3A-86A2-41AD-ACD8-DAF40539A7B2}.Release|Any CPU.ActiveCfg = Release|Any CPU
		{5E0C5D3A-86A2-41AD-ACD8-DAF40539A7B2}.Release|Any CPU.Build.0 = Release|Any CPU
	EndGlobalSection
	GlobalSection(SolutionProperties) = preSolution
		HideSolutionNode = FALSE
	EndGlobalSection
EndGlobal
